<?xml version="1.0" encoding="utf-8"?>
<Project ToolsVersion="4.0" xmlns="http://schemas.microsoft.com/developer/msbuild/2003">
  <ItemGroup>
    <Filter Include="Source Files">
      <UniqueIdentifier>{4FC737F1-C7A5-4376-A066-2A32D752A2FF}</UniqueIdentifier>
      <Extensions>cpp;c;cc;cxx;c++;cppm;ixx;def;odl;idl;hpj;bat;asm;asmx</Extensions>
    </Filter>
    <Filter Include="Header Files">
      <UniqueIdentifier>{93995380-89BD-4b04-88EB-625FBE52EBFB}</UniqueIdentifier>
      <Extensions>h;hh;hpp;hxx;h++;hm;inl;inc;ipp;xsd</Extensions>
    </Filter>
    <Filter Include="Resource Files">
      <UniqueIdentifier>{67DA6AB6-F800-4c08-8B7A-83BB121AAD01}</UniqueIdentifier>
      <Extensions>rc;ico;cur;bmp;dlg;rc2;rct;bin;rgs;gif;jpg;jpeg;jpe;resx;tiff;tif;png;wav;mfcribbon-ms</Extensions>
    </Filter>
  </ItemGroup>
  <ItemGroup>
    <ClCompile Include="..\..\..\..\OneDrive\Desktop\CIIC4025\EXAM1\Finalexam1\Finalexam1\Color.cpp">
      <Filter>Source Files</Filter>
    </ClCompile>
    <ClCompile Include="..\..\..\..\OneDrive\Desktop\CIIC4025\EXAM1\Finalexam1\Finalexam1\Light.cpp">
      <Filter>Source Files</Filter>
    </ClCompile>
    <ClCompile Include="..\..\..\..\OneDrive\Desktop\CIIC4025\EXAM1\Finalexam1\Finalexam1\RayTracingExam.cpp">
      <Filter>Source Files</Filter>
    </ClCompile>
    <ClCompile Include="..\..\..\..\OneDrive\Desktop\CIIC4025\EXAM1\Finalexam1\Finalexam1\Material.cpp">
      <Filter>Source Files</Filter>
    </ClCompile>
    <ClCompile Include="..\..\..\..\OneDrive\Desktop\CIIC4025\EXAM1\Finalexam1\Finalexam1\Object.cpp">
      <Filter>Source Files</Filter>
    </ClCompile>
    <ClCompile Include="..\..\..\..\OneDrive\Desktop\CIIC4025\EXAM1\Finalexam1\Finalexam1\Plane.cpp">
      <Filter>Source Files</Filter>
    </ClCompile>
    <ClCompile Include="..\..\..\..\OneDrive\Desktop\CIIC4025\EXAM1\Finalexam1\Finalexam1\Ray.cpp">
      <Filter>Source Files</Filter>
    </ClCompile>
    <ClCompile Include="..\..\..\..\OneDrive\Desktop\CIIC4025\EXAM1\Finalexam1\Finalexam1\Raytracer.cpp">
      <Filter>Source Files</Filter>
    </ClCompile>
    <ClCompile Include="..\..\..\..\OneDrive\Desktop\CIIC4025\EXAM1\Finalexam1\Finalexam1\Scene.cpp">
      <Filter>Source Files</Filter>
    </ClCompile>
    <ClCompile Include="..\..\..\..\OneDrive\Desktop\CIIC4025\EXAM1\Finalexam1\Finalexam1\Sphere.cpp">
      <Filter>Source Files</Filter>
    </ClCompile>
    <ClCompile Include="..\..\..\..\OneDrive\Desktop\CIIC4025\EXAM1\Finalexam1\Finalexam1\Vector3D.cpp">
      <Filter>Source Files</Filter>
    </ClCompile>
  </ItemGroup>
  <ItemGroup>
    <ClInclude Include="..\..\..\..\OneDrive\Desktop\CIIC4025\EXAM1\Finalexam1\Finalexam1\Color.h">
      <Filter>Header Files</Filter>
    </ClInclude>
    <ClInclude Include="..\..\..\..\OneDrive\Desktop\CIIC4025\EXAM1\Finalexam1\Finalexam1\Constants.h">
      <Filter>Header Files</Filter>
    </ClInclude>
    <ClInclude Include="..\..\..\..\OneDrive\Desktop\CIIC4025\EXAM1\Finalexam1\Finalexam1\Light.h">
      <Filter>Header Files</Filter>
    </ClInclude>
    <ClInclude Include="..\..\..\..\OneDrive\Desktop\CIIC4025\EXAM1\Finalexam1\Finalexam1\Material.h">
      <Filter>Header Files</Filter>
    </ClInclude>
    <ClInclude Include="..\..\..\..\OneDrive\Desktop\CIIC4025\EXAM1\Finalexam1\Finalexam1\Object.h">
      <Filter>Header Files</Filter>
    </ClInclude>
    <ClInclude Include="..\..\..\..\OneDrive\Desktop\CIIC4025\EXAM1\Finalexam1\Finalexam1\Plane.h">
      <Filter>Header Files</Filter>
    </ClInclude>
    <ClInclude Include="..\..\..\..\OneDrive\Desktop\CIIC4025\EXAM1\Finalexam1\Finalexam1\Ray.h">
      <Filter>Header Files</Filter>
    </ClInclude>
    <ClInclude Include="..\..\..\..\OneDrive\Desktop\CIIC4025\EXAM1\Finalexam1\Finalexam1\Raytracer.h">
      <Filter>Header Files</Filter>
    </ClInclude>
    <ClInclude Include="..\..\..\..\OneDrive\Desktop\CIIC4025\EXAM1\Finalexam1\Finalexam1\Scene.h">
      <Filter>Header Files</Filter>
    </ClInclude>
    <ClInclude Include="..\..\..\..\OneDrive\Desktop\CIIC4025\EXAM1\Finalexam1\Finalexam1\Sphere.h">
      <Filter>Header Files</Filter>
    </ClInclude>
    <ClInclude Include="..\..\..\..\OneDrive\Desktop\CIIC4025\EXAM1\Finalexam1\Finalexam1\Vector3D.h">
      <Filter>Header Files</Filter>
    </ClInclude>
  </ItemGroup>
</Project>